// !$*UTF8*$!
{
	archiveVersion = 1;
	classes = {
	};
	objectVersion = 56;
	objects = {

/* Begin PBXBuildFile section */
		FAB2D2832CC7F94E002C6DB4 /* UpdatesTabScreen.swift in Sources */ = {isa = PBXBuildFile; fileRef = FAB2D2822CC7F94E002C6DB4 /* UpdatesTabScreen.swift */; };
		FAB2D2852CC960E8002C6DB4 /* CallsTabScreen.swift in Sources */ = {isa = PBXBuildFile; fileRef = FAB2D2842CC960E8002C6DB4 /* CallsTabScreen.swift */; };
		FAB2D2912CCB8E5C002C6DB4 /* CommunityTabScreen.swift in Sources */ = {isa = PBXBuildFile; fileRef = FAB2D2902CCB8E5C002C6DB4 /* CommunityTabScreen.swift */; };
		FACEF58F2CC646FA00E60D36 /* TalkTalkApp.swift in Sources */ = {isa = PBXBuildFile; fileRef = FACEF58E2CC646FA00E60D36 /* TalkTalkApp.swift */; };
		FACEF5912CC646FA00E60D36 /* MainTabView.swift in Sources */ = {isa = PBXBuildFile; fileRef = FACEF5902CC646FA00E60D36 /* MainTabView.swift */; };
		FACEF5932CC646FB00E60D36 /* Assets.xcassets in Resources */ = {isa = PBXBuildFile; fileRef = FACEF5922CC646FB00E60D36 /* Assets.xcassets */; };
		FACEF5962CC646FB00E60D36 /* Preview Assets.xcassets in Resources */ = {isa = PBXBuildFile; fileRef = FACEF5952CC646FB00E60D36 /* Preview Assets.xcassets */; };
/* End PBXBuildFile section */

/* Begin PBXFileReference section */
		FAB2D2822CC7F94E002C6DB4 /* UpdatesTabScreen.swift */ = {isa = PBXFileReference; lastKnownFileType = sourcecode.swift; path = UpdatesTabScreen.swift; sourceTree = "<group>"; };
		FAB2D2842CC960E8002C6DB4 /* CallsTabScreen.swift */ = {isa = PBXFileReference; lastKnownFileType = sourcecode.swift; path = CallsTabScreen.swift; sourceTree = "<group>"; };
		FAB2D2902CCB8E5C002C6DB4 /* CommunityTabScreen.swift */ = {isa = PBXFileReference; lastKnownFileType = sourcecode.swift; path = CommunityTabScreen.swift; sourceTree = "<group>"; };
		FACEF58B2CC646FA00E60D36 /* TalkTalk.app */ = {isa = PBXFileReference; explicitFileType = wrapper.application; includeInIndex = 0; path = TalkTalk.app; sourceTree = BUILT_PRODUCTS_DIR; };
		FACEF58E2CC646FA00E60D36 /* TalkTalkApp.swift */ = {isa = PBXFileReference; lastKnownFileType = sourcecode.swift; path = TalkTalkApp.swift; sourceTree = "<group>"; };
		FACEF5902CC646FA00E60D36 /* MainTabView.swift */ = {isa = PBXFileReference; lastKnownFileType = sourcecode.swift; path = MainTabView.swift; sourceTree = "<group>"; };
		FACEF5922CC646FB00E60D36 /* Assets.xcassets */ = {isa = PBXFileReference; lastKnownFileType = folder.assetcatalog; path = Assets.xcassets; sourceTree = "<group>"; };
		FACEF5952CC646FB00E60D36 /* Preview Assets.xcassets */ = {isa = PBXFileReference; lastKnownFileType = folder.assetcatalog; path = "Preview Assets.xcassets"; sourceTree = "<group>"; };
/* End PBXFileReference section */

/* Begin PBXFrameworksBuildPhase section */
		FACEF5882CC646FA00E60D36 /* Frameworks */ = {
			isa = PBXFrameworksBuildPhase;
			buildActionMask = 2147483647;
			files = (
			);
			runOnlyForDeploymentPostprocessing = 0;
		};
/* End PBXFrameworksBuildPhase section */

/* Begin PBXGroup section */
		FAB2D2862CCB8D71002C6DB4 /* Screen */ = {
			isa = PBXGroup;
			children = (
				FAB2D28D2CCB8DF1002C6DB4 /* Settings */,
				FAB2D28C2CCB8DE9002C6DB4 /* Chats */,
				FAB2D28B2CCB8DDF002C6DB4 /* Communities */,
				FAB2D2892CCB8D97002C6DB4 /* Calls */,
				FAB2D2872CCB8D84002C6DB4 /* Updates */,
			);
			path = Screen;
			sourceTree = "<group>";
		};
		FAB2D2872CCB8D84002C6DB4 /* Updates */ = {
			isa = PBXGroup;
			children = (
				FAB2D2882CCB8D8E002C6DB4 /* Views */,
			);
			path = Updates;
			sourceTree = "<group>";
		};
		FAB2D2882CCB8D8E002C6DB4 /* Views */ = {
			isa = PBXGroup;
			children = (
				FAB2D2822CC7F94E002C6DB4 /* UpdatesTabScreen.swift */,
			);
			path = Views;
			sourceTree = "<group>";
		};
		FAB2D2892CCB8D97002C6DB4 /* Calls */ = {
			isa = PBXGroup;
			children = (
				FAB2D28A2CCB8DB3002C6DB4 /* Views */,
			);
			path = Calls;
			sourceTree = "<group>";
		};
		FAB2D28A2CCB8DB3002C6DB4 /* Views */ = {
			isa = PBXGroup;
			children = (
				FAB2D2842CC960E8002C6DB4 /* CallsTabScreen.swift */,
			);
			path = Views;
			sourceTree = "<group>";
		};
		FAB2D28B2CCB8DDF002C6DB4 /* Communities */ = {
			isa = PBXGroup;
			children = (
				FAB2D28E2CCB8DFE002C6DB4 /* Views */,
			);
			path = Communities;
			sourceTree = "<group>";
		};
		FAB2D28C2CCB8DE9002C6DB4 /* Chats */ = {
			isa = PBXGroup;
			children = (
			);
			path = Chats;
			sourceTree = "<group>";
		};
		FAB2D28D2CCB8DF1002C6DB4 /* Settings */ = {
			isa = PBXGroup;
			children = (
			);
			path = Settings;
			sourceTree = "<group>";
		};
		FAB2D28E2CCB8DFE002C6DB4 /* Views */ = {
			isa = PBXGroup;
			children = (
				FAB2D2902CCB8E5C002C6DB4 /* CommunityTabScreen.swift */,
			);
			path = Views;
			sourceTree = "<group>";
		};
		FACEF5822CC646FA00E60D36 = {
			isa = PBXGroup;
			children = (
				FACEF58D2CC646FA00E60D36 /* TalkTalk */,
				FACEF58C2CC646FA00E60D36 /* Products */,
			);
			sourceTree = "<group>";
		};
		FACEF58C2CC646FA00E60D36 /* Products */ = {
			isa = PBXGroup;
			children = (
				FACEF58B2CC646FA00E60D36 /* TalkTalk.app */,
			);
			name = Products;
			sourceTree = "<group>";
		};
		FACEF58D2CC646FA00E60D36 /* TalkTalk */ = {
			isa = PBXGroup;
			children = (
				FAB2D2862CCB8D71002C6DB4 /* Screen */,
				FACEF58E2CC646FA00E60D36 /* TalkTalkApp.swift */,
				FACEF5902CC646FA00E60D36 /* MainTabView.swift */,
				FACEF5922CC646FB00E60D36 /* Assets.xcassets */,
				FACEF5942CC646FB00E60D36 /* Preview Content */,
			);
			path = TalkTalk;
			sourceTree = "<group>";
		};
		FACEF5942CC646FB00E60D36 /* Preview Content */ = {
			isa = PBXGroup;
			children = (
				FACEF5952CC646FB00E60D36 /* Preview Assets.xcassets */,
			);
			path = "Preview Content";
			sourceTree = "<group>";
		};
/* End PBXGroup section */

/* Begin PBXNativeTarget section */
		FACEF58A2CC646FA00E60D36 /* TalkTalk */ = {
			isa = PBXNativeTarget;
			buildConfigurationList = FACEF5992CC646FB00E60D36 /* Build configuration list for PBXNativeTarget "TalkTalk" */;
			buildPhases = (
				FACEF5872CC646FA00E60D36 /* Sources */,
				FACEF5882CC646FA00E60D36 /* Frameworks */,
				FACEF5892CC646FA00E60D36 /* Resources */,
			);
			buildRules = (
			);
			dependencies = (
			);
			name = TalkTalk;
			productName = TalkTalk;
			productReference = FACEF58B2CC646FA00E60D36 /* TalkTalk.app */;
			productType = "com.apple.product-type.application";
		};
/* End PBXNativeTarget section */

/* Begin PBXProject section */
		FACEF5832CC646FA00E60D36 /* Project object */ = {
			isa = PBXProject;
			attributes = {
				BuildIndependentTargetsInParallel = 1;
				LastSwiftUpdateCheck = 1540;
				LastUpgradeCheck = 1540;
				TargetAttributes = {
					FACEF58A2CC646FA00E60D36 = {
						CreatedOnToolsVersion = 15.4;
					};
				};
			};
			buildConfigurationList = FACEF5862CC646FA00E60D36 /* Build configuration list for PBXProject "TalkTalk" */;
			compatibilityVersion = "Xcode 14.0";
			developmentRegion = en;
			hasScannedForEncodings = 0;
			knownRegions = (
				en,
				Base,
			);
			mainGroup = FACEF5822CC646FA00E60D36;
			productRefGroup = FACEF58C2CC646FA00E60D36 /* Products */;
			projectDirPath = "";
			projectRoot = "";
			targets = (
				FACEF58A2CC646FA00E60D36 /* TalkTalk */,
			);
		};
/* End PBXProject section */

/* Begin PBXResourcesBuildPhase section */
		FACEF5892CC646FA00E60D36 /* Resources */ = {
			isa = PBXResourcesBuildPhase;
			buildActionMask = 2147483647;
			files = (
				FACEF5962CC646FB00E60D36 /* Preview Assets.xcassets in Resources */,
				FACEF5932CC646FB00E60D36 /* Assets.xcassets in Resources */,
			);
			runOnlyForDeploymentPostprocessing = 0;
		};
/* End PBXResourcesBuildPhase section */

/* Begin PBXSourcesBuildPhase section */
		FACEF5872CC646FA00E60D36 /* Sources */ = {
			isa = PBXSourcesBuildPhase;
			buildActionMask = 2147483647;
			files = (
				FACEF5912CC646FA00E60D36 /* MainTabView.swift in Sources */,
				FAB2D2852CC960E8002C6DB4 /* CallsTabScreen.swift in Sources */,
				FAB2D2912CCB8E5C002C6DB4 /* CommunityTabScreen.swift in Sources */,
				FACEF58F2CC646FA00E60D36 /* TalkTalkApp.swift in Sources */,
				FAB2D2832CC7F94E002C6DB4 /* UpdatesTabScreen.swift in Sources */,
			);
			runOnlyForDeploymentPostprocessing = 0;
		};
/* End PBXSourcesBuildPhase section */

/* Begin XCBuildConfiguration section */
		FACEF5972CC646FB00E60D36 /* Debug */ = {
			isa = XCBuildConfiguration;
			buildSettings = {
				ALWAYS_SEARCH_USER_PATHS = NO;
				ASSETCATALOG_COMPILER_GENERATE_SWIFT_ASSET_SYMBOL_EXTENSIONS = YES;
				CLANG_ANALYZER_NONNULL = YES;
				CLANG_ANALYZER_NUMBER_OBJECT_CONVERSION = YES_AGGRESSIVE;
				CLANG_CXX_LANGUAGE_STANDARD = "gnu++20";
				CLANG_ENABLE_MODULES = YES;
				CLANG_ENABLE_OBJC_ARC = YES;
				CLANG_ENABLE_OBJC_WEAK = YES;
				CLANG_WARN_BLOCK_CAPTURE_AUTORELEASING = YES;
				CLANG_WARN_BOOL_CONVERSION = YES;
				CLANG_WARN_COMMA = YES;
				CLANG_WARN_CONSTANT_CONVERSION = YES;
				CLANG_WARN_DEPRECATED_OBJC_IMPLEMENTATIONS = YES;
				CLANG_WARN_DIRECT_OBJC_ISA_USAGE = YES_ERROR;
				CLANG_WARN_DOCUMENTATION_COMMENTS = YES;
				CLANG_WARN_EMPTY_BODY = YES;
				CLANG_WARN_ENUM_CONVERSION = YES;
				CLANG_WARN_INFINITE_RECURSION = YES;
				CLANG_WARN_INT_CONVERSION = YES;
				CLANG_WARN_NON_LITERAL_NULL_CONVERSION = YES;
				CLANG_WARN_OBJC_IMPLICIT_RETAIN_SELF = YES;
				CLANG_WARN_OBJC_LITERAL_CONVERSION = YES;
				CLANG_WARN_OBJC_ROOT_CLASS = YES_ERROR;
				CLANG_WARN_QUOTED_INCLUDE_IN_FRAMEWORK_HEADER = YES;
				CLANG_WARN_RANGE_LOOP_ANALYSIS = YES;
				CLANG_WARN_STRICT_PROTOTYPES = YES;
				CLANG_WARN_SUSPICIOUS_MOVE = YES;
				CLANG_WARN_UNGUARDED_AVAILABILITY = YES_AGGRESSIVE;
				CLANG_WARN_UNREACHABLE_CODE = YES;
				CLANG_WARN__DUPLICATE_METHOD_MATCH = YES;
				COPY_PHASE_STRIP = NO;
				DEBUG_INFORMATION_FORMAT = dwarf;
				ENABLE_STRICT_OBJC_MSGSEND = YES;
				ENABLE_TESTABILITY = YES;
				ENABLE_USER_SCRIPT_SANDBOXING = YES;
				GCC_C_LANGUAGE_STANDARD = gnu17;
				GCC_DYNAMIC_NO_PIC = NO;
				GCC_NO_COMMON_BLOCKS = YES;
				GCC_OPTIMIZATION_LEVEL = 0;
				GCC_PREPROCESSOR_DEFINITIONS = (
					"DEBUG=1",
					"$(inherited)",
				);
				GCC_WARN_64_TO_32_BIT_CONVERSION = YES;
				GCC_WARN_ABOUT_RETURN_TYPE = YES_ERROR;
				GCC_WARN_UNDECLARED_SELECTOR = YES;
				GCC_WARN_UNINITIALIZED_AUTOS = YES_AGGRESSIVE;
				GCC_WARN_UNUSED_FUNCTION = YES;
				GCC_WARN_UNUSED_VARIABLE = YES;
				IPHONEOS_DEPLOYMENT_TARGET = 16.0;
				LOCALIZATION_PREFERS_STRING_CATALOGS = YES;
				MTL_ENABLE_DEBUG_INFO = INCLUDE_SOURCE;
				MTL_FAST_MATH = YES;
				ONLY_ACTIVE_ARCH = YES;
				SDKROOT = iphoneos;
				SWIFT_ACTIVE_COMPILATION_CONDITIONS = "DEBUG $(inherited)";
				SWIFT_OPTIMIZATION_LEVEL = "-Onone";
			};
			name = Debug;
		};
		FACEF5982CC646FB00E60D36 /* Release */ = {
			isa = XCBuildConfiguration;
			buildSettings = {
				ALWAYS_SEARCH_USER_PATHS = NO;
				ASSETCATALOG_COMPILER_GENERATE_SWIFT_ASSET_SYMBOL_EXTENSIONS = YES;
				CLANG_ANALYZER_NONNULL = YES;
				CLANG_ANALYZER_NUMBER_OBJECT_CONVERSION = YES_AGGRESSIVE;
				CLANG_CXX_LANGUAGE_STANDARD = "gnu++20";
				CLANG_ENABLE_MODULES = YES;
				CLANG_ENABLE_OBJC_ARC = YES;
				CLANG_ENABLE_OBJC_WEAK = YES;
				CLANG_WARN_BLOCK_CAPTURE_AUTORELEASING = YES;
				CLANG_WARN_BOOL_CONVERSION = YES;
				CLANG_WARN_COMMA = YES;
				CLANG_WARN_CONSTANT_CONVERSION = YES;
				CLANG_WARN_DEPRECATED_OBJC_IMPLEMENTATIONS = YES;
				CLANG_WARN_DIRECT_OBJC_ISA_USAGE = YES_ERROR;
				CLANG_WARN_DOCUMENTATION_COMMENTS = YES;
				CLANG_WARN_EMPTY_BODY = YES;
				CLANG_WARN_ENUM_CONVERSION = YES;
				CLANG_WARN_INFINITE_RECURSION = YES;
				CLANG_WARN_INT_CONVERSION = YES;
				CLANG_WARN_NON_LITERAL_NULL_CONVERSION = YES;
				CLANG_WARN_OBJC_IMPLICIT_RETAIN_SELF = YES;
				CLANG_WARN_OBJC_LITERAL_CONVERSION = YES;
				CLANG_WARN_OBJC_ROOT_CLASS = YES_ERROR;
				CLANG_WARN_QUOTED_INCLUDE_IN_FRAMEWORK_HEADER = YES;
				CLANG_WARN_RANGE_LOOP_ANALYSIS = YES;
				CLANG_WARN_STRICT_PROTOTYPES = YES;
				CLANG_WARN_SUSPICIOUS_MOVE = YES;
				CLANG_WARN_UNGUARDED_AVAILABILITY = YES_AGGRESSIVE;
				CLANG_WARN_UNREACHABLE_CODE = YES;
				CLANG_WARN__DUPLICATE_METHOD_MATCH = YES;
				COPY_PHASE_STRIP = NO;
				DEBUG_INFORMATION_FORMAT = "dwarf-with-dsym";
				ENABLE_NS_ASSERTIONS = NO;
				ENABLE_STRICT_OBJC_MSGSEND = YES;
				ENABLE_USER_SCRIPT_SANDBOXING = YES;
				GCC_C_LANGUAGE_STANDARD = gnu17;
				GCC_NO_COMMON_BLOCKS = YES;
				GCC_WARN_64_TO_32_BIT_CONVERSION = YES;
				GCC_WARN_ABOUT_RETURN_TYPE = YES_ERROR;
				GCC_WARN_UNDECLARED_SELECTOR = YES;
				GCC_WARN_UNINITIALIZED_AUTOS = YES_AGGRESSIVE;
				GCC_WARN_UNUSED_FUNCTION = YES;
				GCC_WARN_UNUSED_VARIABLE = YES;
				IPHONEOS_DEPLOYMENT_TARGET = 16.0;
				LOCALIZATION_PREFERS_STRING_CATALOGS = YES;
				MTL_ENABLE_DEBUG_INFO = NO;
				MTL_FAST_MATH = YES;
				SDKROOT = iphoneos;
				SWIFT_COMPILATION_MODE = wholemodule;
				VALIDATE_PRODUCT = YES;
			};
			name = Release;
		};
		FACEF59A2CC646FB00E60D36 /* Debug */ = {
			isa = XCBuildConfiguration;
			buildSettings = {
				ASSETCATALOG_COMPILER_APPICON_NAME = AppIcon;
				ASSETCATALOG_COMPILER_GLOBAL_ACCENT_COLOR_NAME = AccentColor;
				CODE_SIGN_STYLE = Automatic;
				CURRENT_PROJECT_VERSION = 1;
				DEVELOPMENT_ASSET_PATHS = "\"TalkTalk/Preview Content\"";
				DEVELOPMENT_TEAM = 432P93KZ59;
				ENABLE_PREVIEWS = YES;
				GENERATE_INFOPLIST_FILE = YES;
				INFOPLIST_KEY_UIApplicationSceneManifest_Generation = YES;
				INFOPLIST_KEY_UIApplicationSupportsIndirectInputEvents = YES;
				INFOPLIST_KEY_UILaunchScreen_Generation = YES;
				INFOPLIST_KEY_UISupportedInterfaceOrientations_iPad = "UIInterfaceOrientationPortrait UIInterfaceOrientationPortraitUpsideDown UIInterfaceOrientationLandscapeLeft UIInterfaceOrientationLandscapeRight";
				INFOPLIST_KEY_UISupportedInterfaceOrientations_iPhone = "UIInterfaceOrientationPortrait UIInterfaceOrientationLandscapeLeft UIInterfaceOrientationLandscapeRight";
				LD_RUNPATH_SEARCH_PATHS = (
					"$(inherited)",
					"@executable_path/Frameworks",
				);
				MARKETING_VERSION = 1.0;
				PRODUCT_BUNDLE_IDENTIFIER = com.sown.TalkTalk;
				PRODUCT_NAME = "$(TARGET_NAME)";
				SWIFT_EMIT_LOC_STRINGS = YES;
				SWIFT_VERSION = 5.0;
				TARGETED_DEVICE_FAMILY = "1,2";
			};
			name = Debug;
		};
		FACEF59B2CC646FB00E60D36 /* Release */ = {
			isa = XCBuildConfiguration;
			buildSettings = {
				ASSETCATALOG_COMPILER_APPICON_NAME = AppIcon;
				ASSETCATALOG_COMPILER_GLOBAL_ACCENT_COLOR_NAME = AccentColor;
				CODE_SIGN_STYLE = Automatic;
				CURRENT_PROJECT_VERSION = 1;
				DEVELOPMENT_ASSET_PATHS = "\"TalkTalk/Preview Content\"";
				DEVELOPMENT_TEAM = 432P93KZ59;
				ENABLE_PREVIEWS = YES;
				GENERATE_INFOPLIST_FILE = YES;
				INFOPLIST_KEY_UIApplicationSceneManifest_Generation = YES;
				INFOPLIST_KEY_UIApplicationSupportsIndirectInputEvents = YES;
				INFOPLIST_KEY_UILaunchScreen_Generation = YES;
				INFOPLIST_KEY_UISupportedInterfaceOrientations_iPad = "UIInterfaceOrientationPortrait UIInterfaceOrientationPortraitUpsideDown UIInterfaceOrientationLandscapeLeft UIInterfaceOrientationLandscapeRight";
				INFOPLIST_KEY_UISupportedInterfaceOrientations_iPhone = "UIInterfaceOrientationPortrait UIInterfaceOrientationLandscapeLeft UIInterfaceOrientationLandscapeRight";
				LD_RUNPATH_SEARCH_PATHS = (
					"$(inherited)",
					"@executable_path/Frameworks",
				);
				MARKETING_VERSION = 1.0;
				PRODUCT_BUNDLE_IDENTIFIER = com.sown.TalkTalk;
				PRODUCT_NAME = "$(TARGET_NAME)";
				SWIFT_EMIT_LOC_STRINGS = YES;
				SWIFT_VERSION = 5.0;
				TARGETED_DEVICE_FAMILY = "1,2";
			};
			name = Release;
		};
/* End XCBuildConfiguration section */

/* Begin XCConfigurationList section */
		FACEF5862CC646FA00E60D36 /* Build configuration list for PBXProject "TalkTalk" */ = {
			isa = XCConfigurationList;
			buildConfigurations = (
				FACEF5972CC646FB00E60D36 /* Debug */,
				FACEF5982CC646FB00E60D36 /* Release */,
			);
			defaultConfigurationIsVisible = 0;
			defaultConfigurationName = Release;
		};
		FACEF5992CC646FB00E60D36 /* Build configuration list for PBXNativeTarget "TalkTalk" */ = {
			isa = XCConfigurationList;
			buildConfigurations = (
				FACEF59A2CC646FB00E60D36 /* Debug */,
				FACEF59B2CC646FB00E60D36 /* Release */,
			);
			defaultConfigurationIsVisible = 0;
			defaultConfigurationName = Release;
		};
/* End XCConfigurationList section */
	};
	rootObject = FACEF5832CC646FA00E60D36 /* Project object */;
}
